
Microsoft Visual Studio Solution File, Format Version 12.00
# Visual Studio 2012
Project("{FAE04EC0-301F-11D3-BF4B-00C04F79EFBC}") = "Student Roster", "Student Roster\Student Roster.csproj", "{75456112-6009-4C33-96D4-23AD4F49AF31}"
EndProject
Global
	GlobalSection(SolutionConfigurationPlatforms) = preSolution
		Debug|Any CPU = Debug|Any CPU
		Release|Any CPU = Release|Any CPU
	EndGlobalSection
	GlobalSection(ProjectConfigurationPlatforms) = postSolution
		{75456112-6009-4C33-96D4-23AD4F49AF31}.Debug|Any CPU.ActiveCfg = Debug|Any CPU
		{75456112-6009-4C33-96D4-23AD4F49AF31}.Debug|Any CPU.Build.0 = Debug|Any CPU
		{75456112-6009-4C33-96D4-23AD4F49AF31}.Release|Any CPU.ActiveCfg = Release|Any CPU
		{75456112-6009-4C33-96D4-23AD4F49AF31}.Release|Any CPU.Build.0 = Release|Any CPU
	EndGlobalSection
	GlobalSection(SolutionProperties) = preSolution
		HideSolutionNode = FALSE
	EndGlobalSection
EndGlobal
